<?xml version="1.0" encoding="utf-8"?>
<Project ToolsVersion="4.0" xmlns="http://schemas.microsoft.com/developer/msbuild/2003">
  <ItemGroup>
    <Filter Include="Source Files">
      <UniqueIdentifier>{4FC737F1-C7A5-4376-A066-2A32D752A2FF}</UniqueIdentifier>
      <Extensions>cpp;c;cc;cxx;def;odl;idl;hpj;bat;asm;asmx</Extensions>
    </Filter>
    <Filter Include="Source Files\Mastergoal">
      <UniqueIdentifier>{9df3ef54-c913-4bde-981f-a5c71ab23a0f}</UniqueIdentifier>
    </Filter>
    <Filter Include="Source Files\Mastergoal\Utils">
      <UniqueIdentifier>{f0bb599c-5802-4608-8c0e-d3e21fac7c62}</UniqueIdentifier>
    </Filter>
    <Filter Include="Source Files\Mastergoal\Common">
      <UniqueIdentifier>{99dfd9eb-cab7-456b-98d3-7ef01bec4e69}</UniqueIdentifier>
    </Filter>
    <Filter Include="Source Files\Mastergoal\AI">
      <UniqueIdentifier>{ab4c6eea-fecd-489e-9f9a-831ea3a3e5e9}</UniqueIdentifier>
    </Filter>
    <Filter Include="Source Files\Mastergoal\AI\GA">
      <UniqueIdentifier>{6efc5dad-a6ab-4a2e-b323-d1adb1c77dfc}</UniqueIdentifier>
    </Filter>
    <Filter Include="Source Files\Mastergoal\AI\GA\Tournaments">
      <UniqueIdentifier>{035c37c3-9aa7-4157-8d52-03199f004536}</UniqueIdentifier>
    </Filter>
    <Filter Include="Header Files">
      <UniqueIdentifier>{93995380-89BD-4b04-88EB-625FBE52EBFB}</UniqueIdentifier>
      <Extensions>h;hpp;hxx;hm;inl;inc;xsd</Extensions>
    </Filter>
    <Filter Include="Header Files\Mastergoal">
      <UniqueIdentifier>{3b8a0888-cf74-4949-809d-cd60bb5774be}</UniqueIdentifier>
    </Filter>
    <Filter Include="Header Files\Mastergoal\Utils">
      <UniqueIdentifier>{2290a6b8-cc13-456e-a879-61fbad9b7fcb}</UniqueIdentifier>
    </Filter>
    <Filter Include="Header Files\Mastergoal\Common">
      <UniqueIdentifier>{20eb4513-778f-4606-b5c1-e328d0271b87}</UniqueIdentifier>
    </Filter>
    <Filter Include="Header Files\Mastergoal\AI">
      <UniqueIdentifier>{662cc234-02af-46a7-9223-65f491b0627d}</UniqueIdentifier>
    </Filter>
    <Filter Include="Header Files\Mastergoal\AI\GA">
      <UniqueIdentifier>{9bfd539b-fa72-4dba-976b-67a1bdfcf63c}</UniqueIdentifier>
    </Filter>
    <Filter Include="Header Files\Mastergoal\AI\GA\Tournaments">
      <UniqueIdentifier>{679fda03-1c42-4bd0-911e-0764af87e2ce}</UniqueIdentifier>
    </Filter>
    <Filter Include="Resource Files">
      <UniqueIdentifier>{67DA6AB6-F800-4c08-8B7A-83BB121AAD01}</UniqueIdentifier>
      <Extensions>rc;ico;cur;bmp;dlg;rc2;rct;bin;rgs;gif;jpg;jpeg;jpe;resx;tiff;tif;png;wav</Extensions>
    </Filter>
  </ItemGroup>
  <ItemGroup>
    <ClCompile Include="EvoGoal.cpp">
      <Filter>Source Files</Filter>
    </ClCompile>
    <ClCompile Include="Definitions.cpp">
      <Filter>Source Files\Mastergoal</Filter>
    </ClCompile>
    <ClCompile Include="RulesManager.cpp">
      <Filter>Source Files\Mastergoal\Utils</Filter>
    </ClCompile>
    <ClCompile Include="BallMovement.cpp">
      <Filter>Source Files\Mastergoal\Common</Filter>
    </ClCompile>
    <ClCompile Include="Board.cpp">
      <Filter>Source Files\Mastergoal\Common</Filter>
    </ClCompile>
    <ClCompile Include="Game.cpp">
      <Filter>Source Files\Mastergoal\Common</Filter>
    </ClCompile>
    <ClCompile Include="Movement.cpp">
      <Filter>Source Files\Mastergoal\Common</Filter>
    </ClCompile>
    <ClCompile Include="Piece.cpp">
      <Filter>Source Files\Mastergoal\Common</Filter>
    </ClCompile>
    <ClCompile Include="Play.cpp">
      <Filter>Source Files\Mastergoal\Common</Filter>
    </ClCompile>
    <ClCompile Include="Player.cpp">
      <Filter>Source Files\Mastergoal\Common</Filter>
    </ClCompile>
    <ClCompile Include="PlayerMovement.cpp">
      <Filter>Source Files\Mastergoal\Common</Filter>
    </ClCompile>
    <ClCompile Include="PlayerPiece.cpp">
      <Filter>Source Files\Mastergoal\Common</Filter>
    </ClCompile>
    <ClCompile Include="Square.cpp">
      <Filter>Source Files\Mastergoal\Common</Filter>
    </ClCompile>
    <ClCompile Include="State.cpp">
      <Filter>Source Files\Mastergoal\Common</Filter>
    </ClCompile>
    <ClCompile Include="AbstractSearcher.cpp">
      <Filter>Source Files\Mastergoal\AI</Filter>
    </ClCompile>
    <ClCompile Include="ActionSearcher.cpp">
      <Filter>Source Files\Mastergoal\AI</Filter>
    </ClCompile>
    <ClCompile Include="Agent.cpp">
      <Filter>Source Files\Mastergoal\AI</Filter>
    </ClCompile>
    <ClCompile Include="DeltaEvaluatorLevel1.cpp">
      <Filter>Source Files\Mastergoal\AI</Filter>
    </ClCompile>
    <ClCompile Include="DeltaEvaluatorLevel2.cpp">
      <Filter>Source Files\Mastergoal\AI</Filter>
    </ClCompile>
    <ClCompile Include="DeltaEvaluatorLevel3.cpp">
      <Filter>Source Files\Mastergoal\AI</Filter>
    </ClCompile>
    <ClCompile Include="DeltaEvaluatorLevel4.cpp">
      <Filter>Source Files\Mastergoal\AI</Filter>
    </ClCompile>
    <ClCompile Include="EvaluatorLevel1.cpp">
      <Filter>Source Files\Mastergoal\AI</Filter>
    </ClCompile>
    <ClCompile Include="EvaluatorLevel2.cpp">
      <Filter>Source Files\Mastergoal\AI</Filter>
    </ClCompile>
    <ClCompile Include="EvaluatorLevel3.cpp">
      <Filter>Source Files\Mastergoal\AI</Filter>
    </ClCompile>
    <ClCompile Include="EvaluatorLevel4.cpp">
      <Filter>Source Files\Mastergoal\AI</Filter>
    </ClCompile>
    <ClCompile Include="NegamaxSearcher.cpp">
      <Filter>Source Files\Mastergoal\AI</Filter>
    </ClCompile>
    <ClCompile Include="SuccessorGenerator.cpp">
      <Filter>Source Files\Mastergoal\AI</Filter>
    </ClCompile>
    <ClCompile Include="HallOfFame.cpp">
      <Filter>Source Files\Mastergoal\AI\GA</Filter>
    </ClCompile>
    <ClCompile Include="History.cpp">
      <Filter>Source Files\Mastergoal\AI\GA</Filter>
    </ClCompile>
    <ClCompile Include="SampleTourGA.cpp">
      <Filter>Source Files\Mastergoal\AI\GA</Filter>
    </ClCompile>
    <ClCompile Include="EliminatoryTournament.cpp">
      <Filter>Source Files\Mastergoal\AI\GA\Tournaments</Filter>
    </ClCompile>
    <ClCompile Include="Encoder.cpp">
      <Filter>Source Files\Mastergoal\AI\GA\Tournaments</Filter>
    </ClCompile>
    <ClCompile Include="FullCompTournament.cpp">
      <Filter>Source Files\Mastergoal\AI\GA\Tournaments</Filter>
    </ClCompile>
    <ClCompile Include="OneVsOneTournament.cpp">
      <Filter>Source Files\Mastergoal\AI\GA\Tournaments</Filter>
    </ClCompile>
    <ClCompile Include="SamplePopData.cpp">
      <Filter>Source Files\Mastergoal\AI\GA\Tournaments</Filter>
    </ClCompile>
    <ClCompile Include="SampleTourData.cpp">
      <Filter>Source Files\Mastergoal\AI\GA\Tournaments</Filter>
    </ClCompile>
    <ClCompile Include="SampleTournament.cpp">
      <Filter>Source Files\Mastergoal\AI\GA\Tournaments</Filter>
    </ClCompile>
    <ClCompile Include="SampParTournament.cpp">
      <Filter>Source Files\Mastergoal\AI\GA\Tournaments</Filter>
    </ClCompile>
    <ClCompile Include="Tournament.cpp">
      <Filter>Source Files\Mastergoal\AI\GA\Tournaments</Filter>
    </ClCompile>
  </ItemGroup>
  <ItemGroup>
    <ClInclude Include="stdafx.h">
      <Filter>Header Files</Filter>
    </ClInclude>
    <ClInclude Include="ComParams.h">
      <Filter>Header Files\Mastergoal</Filter>
    </ClInclude>
    <ClInclude Include="Definitions.h">
      <Filter>Header Files\Mastergoal</Filter>
    </ClInclude>
    <ClInclude Include="RulesManager.h">
      <Filter>Header Files\Mastergoal\Utils</Filter>
    </ClInclude>
    <ClInclude Include="BallMovement.h">
      <Filter>Header Files\Mastergoal\Common</Filter>
    </ClInclude>
    <ClInclude Include="BallPiece.h">
      <Filter>Header Files\Mastergoal\Common</Filter>
    </ClInclude>
    <ClInclude Include="Board.h">
      <Filter>Header Files\Mastergoal\Common</Filter>
    </ClInclude>
    <ClInclude Include="Game.h">
      <Filter>Header Files\Mastergoal\Common</Filter>
    </ClInclude>
    <ClInclude Include="Movement.h">
      <Filter>Header Files\Mastergoal\Common</Filter>
    </ClInclude>
    <ClInclude Include="MovementIterator.h">
      <Filter>Header Files\Mastergoal\Common</Filter>
    </ClInclude>
    <ClInclude Include="Movements.h">
      <Filter>Header Files\Mastergoal\Common</Filter>
    </ClInclude>
    <ClInclude Include="Piece.h">
      <Filter>Header Files\Mastergoal\Common</Filter>
    </ClInclude>
    <ClInclude Include="Pieces.h">
      <Filter>Header Files\Mastergoal\Common</Filter>
    </ClInclude>
    <ClInclude Include="Play.h">
      <Filter>Header Files\Mastergoal\Common</Filter>
    </ClInclude>
    <ClInclude Include="Player.h">
      <Filter>Header Files\Mastergoal\Common</Filter>
    </ClInclude>
    <ClInclude Include="PlayerMovement.h">
      <Filter>Header Files\Mastergoal\Common</Filter>
    </ClInclude>
    <ClInclude Include="PlayerPiece.h">
      <Filter>Header Files\Mastergoal\Common</Filter>
    </ClInclude>
    <ClInclude Include="Square.h">
      <Filter>Header Files\Mastergoal\Common</Filter>
    </ClInclude>
    <ClInclude Include="State.h">
      <Filter>Header Files\Mastergoal\Common</Filter>
    </ClInclude>
    <ClInclude Include="AbstractSearcher.h">
      <Filter>Header Files\Mastergoal\AI</Filter>
    </ClInclude>
    <ClInclude Include="ActionSearcher.h">
      <Filter>Header Files\Mastergoal\AI</Filter>
    </ClInclude>
    <ClInclude Include="Agent.h">
      <Filter>Header Files\Mastergoal\AI</Filter>
    </ClInclude>
    <ClInclude Include="DeltaEvaluator.h">
      <Filter>Header Files\Mastergoal\AI</Filter>
    </ClInclude>
    <ClInclude Include="DeltaEvaluatorLevel1.h">
      <Filter>Header Files\Mastergoal\AI</Filter>
    </ClInclude>
    <ClInclude Include="DeltaEvaluatorLevel2.h">
      <Filter>Header Files\Mastergoal\AI</Filter>
    </ClInclude>
    <ClInclude Include="DeltaEvaluatorLevel3.h">
      <Filter>Header Files\Mastergoal\AI</Filter>
    </ClInclude>
    <ClInclude Include="DeltaEvaluatorLevel4.h">
      <Filter>Header Files\Mastergoal\AI</Filter>
    </ClInclude>
    <ClInclude Include="Evaluator.h">
      <Filter>Header Files\Mastergoal\AI</Filter>
    </ClInclude>
    <ClInclude Include="EvaluatorLevel1.h">
      <Filter>Header Files\Mastergoal\AI</Filter>
    </ClInclude>
    <ClInclude Include="EvaluatorLevel2.h">
      <Filter>Header Files\Mastergoal\AI</Filter>
    </ClInclude>
    <ClInclude Include="EvaluatorLevel3.h">
      <Filter>Header Files\Mastergoal\AI</Filter>
    </ClInclude>
    <ClInclude Include="EvaluatorLevel4.h">
      <Filter>Header Files\Mastergoal\AI</Filter>
    </ClInclude>
    <ClInclude Include="Evaluators.h">
      <Filter>Header Files\Mastergoal\AI</Filter>
    </ClInclude>
    <ClInclude Include="NegamaxSearcher.h">
      <Filter>Header Files\Mastergoal\AI</Filter>
    </ClInclude>
    <ClInclude Include="SuccessorGenerator.h">
      <Filter>Header Files\Mastergoal\AI</Filter>
    </ClInclude>
    <ClInclude Include="HallOfFame.h">
      <Filter>Header Files\Mastergoal\AI\GA</Filter>
    </ClInclude>
    <ClInclude Include="History.h">
      <Filter>Header Files\Mastergoal\AI\GA</Filter>
    </ClInclude>
    <ClInclude Include="SampleTourGA.h">
      <Filter>Header Files\Mastergoal\AI\GA</Filter>
    </ClInclude>
    <ClInclude Include="EliminatoryTournament.h">
      <Filter>Header Files\Mastergoal\AI\GA\Tournaments</Filter>
    </ClInclude>
    <ClInclude Include="Encoder.h">
      <Filter>Header Files\Mastergoal\AI\GA\Tournaments</Filter>
    </ClInclude>
    <ClInclude Include="FullCompTournament.h">
      <Filter>Header Files\Mastergoal\AI\GA\Tournaments</Filter>
    </ClInclude>
    <ClInclude Include="OneVsOneTournament.h">
      <Filter>Header Files\Mastergoal\AI\GA\Tournaments</Filter>
    </ClInclude>
    <ClInclude Include="SamplePopData.h">
      <Filter>Header Files\Mastergoal\AI\GA\Tournaments</Filter>
    </ClInclude>
    <ClInclude Include="SampleTourData.h">
      <Filter>Header Files\Mastergoal\AI\GA\Tournaments</Filter>
    </ClInclude>
    <ClInclude Include="SampleTournament.h">
      <Filter>Header Files\Mastergoal\AI\GA\Tournaments</Filter>
    </ClInclude>
    <ClInclude Include="SampParTournament.h">
      <Filter>Header Files\Mastergoal\AI\GA\Tournaments</Filter>
    </ClInclude>
    <ClInclude Include="Tournament.h">
      <Filter>Header Files\Mastergoal\AI\GA\Tournaments</Filter>
    </ClInclude>
    <ClInclude Include="Tournaments.h">
      <Filter>Header Files\Mastergoal\AI\GA\Tournaments</Filter>
    </ClInclude>
  </ItemGroup>
  <ItemGroup>
    <Text Include="ReadMe.txt" />
  </ItemGroup>
</Project>